{
  "version": 4,
  "terraform_version": "1.7.2",
  "serial": 229,
  "lineage": "9fe3d11c-cf35-68f1-a85f-532bc5d33e79",
  "outputs": {
    "LB_DNS": {
      "value": "test-lb-tf-1245996863.us-west-1.elb.amazonaws.com",
      "type": "string"
    }
  },
  "resources": [
    {
      "module": "module.Jenkins_server",
      "mode": "managed",
      "type": "aws_instance",
      "name": "jenkins",
      "provider": "provider[\"registry.terraform.io/hashicorp/aws\"]",
      "instances": [
        {
          "schema_version": 1,
          "attributes": {
            "ami": "ami-0a0409af1cb831414",
            "arn": "arn:aws:ec2:us-west-1:694505486355:instance/i-0e127f007c7691046",
            "associate_public_ip_address": true,
            "availability_zone": "us-west-1a",
            "capacity_reservation_specification": [
              {
                "capacity_reservation_preference": "open",
                "capacity_reservation_target": []
              }
            ],
            "cpu_core_count": 1,
            "cpu_options": [
              {
                "amd_sev_snp": "",
                "core_count": 1,
                "threads_per_core": 2
              }
            ],
            "cpu_threads_per_core": 2,
            "credit_specification": [
              {
                "cpu_credits": "unlimited"
              }
            ],
            "disable_api_stop": false,
            "disable_api_termination": false,
            "ebs_block_device": [],
            "ebs_optimized": false,
            "enclave_options": [
              {
                "enabled": false
              }
            ],
            "ephemeral_block_device": [],
            "get_password_data": false,
            "hibernation": false,
            "host_id": "",
            "host_resource_group_arn": null,
            "iam_instance_profile": "",
            "id": "i-0e127f007c7691046",
            "instance_initiated_shutdown_behavior": "stop",
            "instance_lifecycle": "",
            "instance_market_options": [],
            "instance_state": "running",
            "instance_type": "t3.medium",
            "ipv6_address_count": 0,
            "ipv6_addresses": [],
            "key_name": "linux-key-pair-x",
            "launch_template": [],
            "maintenance_options": [
              {
                "auto_recovery": "default"
              }
            ],
            "metadata_options": [
              {
                "http_endpoint": "enabled",
                "http_protocol_ipv6": "disabled",
                "http_put_response_hop_limit": 1,
                "http_tokens": "optional",
                "instance_metadata_tags": "disabled"
              }
            ],
            "monitoring": false,
            "network_interface": [],
            "outpost_arn": "",
            "password_data": "",
            "placement_group": "",
            "placement_partition_number": 0,
            "primary_network_interface_id": "eni-06ebcff7dde9dd1c3",
            "private_dns": "ip-10-0-3-130.us-west-1.compute.internal",
            "private_dns_name_options": [
              {
                "enable_resource_name_dns_a_record": false,
                "enable_resource_name_dns_aaaa_record": false,
                "hostname_type": "ip-name"
              }
            ],
            "private_ip": "10.0.3.130",
            "public_dns": "ec2-13-52-102-53.us-west-1.compute.amazonaws.com",
            "public_ip": "13.52.102.53",
            "root_block_device": [
              {
                "delete_on_termination": true,
                "device_name": "/dev/sda1",
                "encrypted": false,
                "iops": 100,
                "kms_key_id": "",
                "tags": {},
                "tags_all": {},
                "throughput": 0,
                "volume_id": "vol-01619d7f991573e56",
                "volume_size": 8,
                "volume_type": "gp2"
              }
            ],
            "secondary_private_ips": [],
            "security_groups": [],
            "source_dest_check": true,
            "spot_instance_request_id": "",
            "subnet_id": "subnet-01ba381c00ef7d627",
            "tags": {
              "Name": "Jenkins_server_AWS"
            },
            "tags_all": {
              "Name": "Jenkins_server_AWS"
            },
            "tenancy": "default",
            "timeouts": null,
            "user_data": "8686612c3a8ffe51292d63003ad45d4fc2df6d63",
            "user_data_base64": null,
            "user_data_replace_on_change": false,
            "volume_tags": null,
            "vpc_security_group_ids": [
              "sg-03805ea4f58b4fed1"
            ]
          },
          "sensitive_attributes": [],
          "private": "eyJlMmJmYjczMC1lY2FhLTExZTYtOGY4OC0zNDM2M2JjN2M0YzAiOnsiY3JlYXRlIjo2MDAwMDAwMDAwMDAsImRlbGV0ZSI6MTIwMDAwMDAwMDAwMCwicmVhZCI6OTAwMDAwMDAwMDAwLCJ1cGRhdGUiOjYwMDAwMDAwMDAwMH0sInNjaGVtYV92ZXJzaW9uIjoiMSJ9",
          "dependencies": [
            "module.Jenkins_server.aws_key_pair.key_pair",
            "module.Jenkins_server.tls_private_key.private_key",
            "module.networking.aws_subnet.public_subnets",
            "module.networking.aws_vpc.X_VPC",
            "module.securitygroup.aws_security_group.SG"
          ]
        }
      ]
    },
    {
      "module": "module.Jenkins_server",
      "mode": "managed",
      "type": "aws_key_pair",
      "name": "key_pair",
      "provider": "provider[\"registry.terraform.io/hashicorp/aws\"]",
      "instances": [
        {
          "schema_version": 1,
          "attributes": {
            "arn": "arn:aws:ec2:us-west-1:694505486355:key-pair/linux-key-pair-x",
            "fingerprint": "c6:3b:d4:53:4c:a1:a1:95:ad:e8:3c:f3:0d:cf:a8:2c",
            "id": "linux-key-pair-x",
            "key_name": "linux-key-pair-x",
            "key_name_prefix": "",
            "key_pair_id": "key-0ef5a8a847596b77b",
            "key_type": "rsa",
            "public_key": "ssh-rsa AAAAB3NzaC1yc2EAAAADAQABAAACAQDRFlKQ0h68ROU7a525AVbdHdzWX2uCwkH1ZauguzApU7U92K59+jCAcocEosHgpMZxGZ9yHBgfSGgH9a8zUjHhALKOg+AmF40qn8ofiBrQaH+T5HUE2HkLDrzR/xiYE6OX5uVPPEVeK+aueRmfxNzFqcjHgpWrBoobDAa3dni/6XNrg43h/QY3YU4K2UmPeGY+ryxYrQrqWa+4SbG96O8qL+DCgLUaEB/22553mdbbqDf3u+2kr01TuF0my2V6xnU1mZ0c1U0lh5mopmk723/sApdAfshNjMNvFY1PqVC0qLj0R5b2SNvKgoJOhBE4iJ44XoofEHonHPMz2hxi2M5DrqASEjGe7yBBS1wF1GPhdBl01yZsl7z+UuY4EZdogRd2XHThFoymyN+d5jUsiFVH2F6RUPk1+vQFprTlM/ezJpmHKR8Gp2g0GG8opmJ+jz28omMBVJ1it7JXRutgIkqPV5tk/NN+MVGZV3SZICfOVG4kJqlMj99nZdospLaj0v7kZGBTy0gH2h5q2J94/IMCaQmcNiAw7gRXwJgim3vxruRugyyEm56VdsWu6GaWPofxiszSkBiGFWdmK4VojtFkIj5z67eInbcdxcV8N4AQqWG9dJ1Z8car7vtsgRJ/3vXAoR60ILVVilZADVCa94svKONlvq9Y3SdbcZKvogTm8Q==",
            "tags": {},
            "tags_all": {}
          },
          "sensitive_attributes": [],
          "private": "eyJzY2hlbWFfdmVyc2lvbiI6IjEifQ==",
          "dependencies": [
            "module.Jenkins_server.tls_private_key.private_key"
          ]
        }
      ]
    },
    {
      "module": "module.Jenkins_server",
      "mode": "managed",
      "type": "local_file",
      "name": "ssh_key",
      "provider": "provider[\"registry.terraform.io/hashicorp/local\"]",
      "instances": [
        {
          "schema_version": 0,
          "attributes": {
            "content": "-----BEGIN RSA PRIVATE KEY-----\nMIIJKAIBAAKCAgEA0RZSkNIevETlO2uduQFW3R3c1l9rgsJB9WWroLswKVO1Pdiu\nffowgHKHBKLB4KTGcRmfchwYH0hoB/WvM1Ix4QCyjoPgJheNKp/KH4ga0Gh/k+R1\nBNh5Cw680f8YmBOjl+blTzxFXivmrnkZn8TcxanIx4KVqwaKGwwGt3Z4v+lza4ON\n4f0GN2FOCtlJj3hmPq8sWK0K6lmvuEmxvejvKi/gwoC1GhAf9tued5nW26g397vt\npK9NU7hdJstlesZ1NZmdHNVNJYeZqKZpO9t/7AKXQH7ITYzDbxWNT6lQtKi49EeW\n9kjbyoKCToQROIieOF6KHxB6JxzzM9ocYtjOQ66gEhIxnu8gQUtcBdRj4XQZdNcm\nbJe8/lLmOBGXaIEXdlx04RaMpsjfneY1LIhVR9hekVD5Nfr0Baa05TP3syaZhykf\nBqdoNBhvKKZifo89vKJjAVSdYreyV0brYCJKj1ebZPzTfjFRmVd0mSAnzlRuJCap\nTI/fZ2XaLKS2o9L+5GRgU8tIB9oeatifePyDAmkJnDYgMO4EV8CYIpt78a7kboMs\nhJuelXbFruhmlj6H8YrM0pAYhhVnZiuFaI7RZCI+c+u3iJ23HcXFfDeAEKlhvXSd\nWfHGq+77bIESf971wKEetCC1VYpWQA1QmveLLyjjZb6vWN0nW3GSr6IE5vECAwEA\nAQKCAgAGsyRqJ5F8juiZgtVG/FgANdjBtcUIJ5ldd6iMOfNNH7WLCcptlvq+4uyY\npW54+E6ziRKm4WeUeQl8V88JYfTfNNqD3o3sKo0HdJ9Ra1cQnoiYAJYPVbBrPkmm\noPn0xYxUbb2jUFcYsWdu58p+aBx66PnaCsEo/cinHTeJ4W31GFHufASr3SO52pBZ\noKTOyBjeoVZWcRUMdVtAGHxtjW08eNRG50DmWOXtTxRA2NkdqMJCWe8/e66KpDm3\n6IST7pAK66UxK1SRg0rVMJ/mnx32Pg8Crg1VDtGkWZhxmQdRAqcKjNC1i5gfYRcz\n1N+IZDhNrhnW7Pw9DJxuaOrH8BKL4dLzsUegLjPyNA1wqKEw/TL5Dxl81IPT/Syc\nAc6J4xNp1S5s0AyLFWGiSHoykK9VQ23qlFGhVLkyPGwfiaTV8mc/bYJ83Nd76sfe\nkt5SJb3kL9sGmjPyFsSZcKvbaSWNvuhEgJlnkUHI44K42nzzI/G989g0wSao8mgL\n8Mt0ChBCJO6khezlAIVagLU7pBWRfkoc//Evs12Myt1gl93N2UIC9JCf2xKQF2fo\nzS1SsjIXKboty3cTVVptJZnwynGMsDR83I5vxbJpDsZh2JllsIxzHG5zQRHGkEtQ\nY3xpISJGK7XOd/qT30hLqXxBcKvcFXNvUMMsv/jv8XY3UAInkQKCAQEA4Bk1m6oa\nW1N/RGmZPcVzNWrUlnpiZRFB7wBv2sYEqeATKfzjt+gzrYhhHs+UeTh6iKOREnBd\n5XPW74y/8ipFbojeiySi29l8rz5Z2w1iDHHQAWv9H+JbHBc3fj335DMgcKViU9iF\nt6xPsO1KQ/j4QC0t5MRheoSRObNFDP34tHmgspDcC1Jkzp+U8rm/fUZWx7OnGaET\nXJvn8QpTiJT+MJvlDEgw+KvCRB7DwTlMuYCUGxeNoVRSdAxt4nDJFvmLmBvgRBbX\n74IH8ZY7SnDUy3DpUn2WDwrYnU3PeVmUvDs5oi9lAs+eB/QGw87EFywUU8B4oyYW\nLhPWQmhy3CsSiwKCAQEA7toPJarvoXAPjwlBbPIakhHTMzIkxdn/jzkFXA3kYBQr\nDGcq539/EAm/NBPKa4daYlwocbWBADmaxQKajsz9qM2hsrZSUpXwL615II6GzeKb\neJan5Wz5n6qz3Xyiomxp+EUTnv7Z6xiXgvrUUfeJafeWfZuz0SjX/jHVcrx3u/w3\n2LlY9emTwZPsE8QJTlPiQskfSJp3OP8XgEuPC0ut4Myn3s5VIuXC3c5j8zr0u4vU\n7NzTHfWZALbTORmx82m/8drEShckOtz6YK/oyofiZTzwTstyBjRP5a97CwnJyg3+\ntU6d5LfmGA/x4K3bJur1nR5xt0VMDXf65UVzHXGH8wKCAQAxbJ3sJQoHFlU9S2Tm\nwMN2Boe4YGmPDM1T3u7Me1vP84GGgyXeC7JKFYgF+ZYvXgt4U0rNnEa5MmE3F/3F\ndRk3FayvV3crsb3UEJZUv5DeWcOcbKq4+31Ipr4wc45WoAgJkBAtmdVz+ubgiJUW\nhLSLwusaR02Qbehxp14VTXYqp6CPgW9md9eP0pZRKjJXeMnu5Wp3NpVEmYYAHVzr\nBKFDKz7LBKj4TzlbOMXHudF4ICmKCBnOeQBuY8dgZ6uSC5uEArHlknwxcKY72/xb\noKLt84siDFyqGKRJnT2i7+Tj1tQRNw66HfwmmOVdDh8lVS1ug0aYBPBjXTCmGM8s\nS7udAoIBAFznHislkK13W+Xj0LnidWlJW5+3Kkx2nYuEv0vt711bmt7pJewDUFXZ\npLBJ3lryu7o0ZFrOIU4IGeX1PE689xD4YqOTfPO4dELnM4zxQwfD03sVBlsbhwCO\nsgU9XDjW+GTj4Vzffb2OxCfjDkCPirhX4AYdUNTTEShDE+Xb3qqU0NgQR8TmxFzv\n/0w03PXFdOVLO0rPIf5eYjK5sPrQxeIBWG42TTEUszX4+DF8RgLIwdobjlZB1/BK\nLGAyWV/3Svx0fhLfa20l1JFU+rQEJJACIupTAZfeMxGArtg9R2q7BM5atNlomivT\nz933YZ2CmGQzmkGRx6IZf9I7sCnMpfcCggEBANv+ggvf+0wTIS1GX5OmjhKdxmPI\nCXmgoB6YWjD2XfWKCfNbe4GoXx16N/RfON2TyK97qpj89l9+DnpRHp/rwD86tqjr\naj7ckUrI014ft8kAeWfW7+WAu14UiBtQuuMiMxlog3JsdzWew8/2wAisGehBn3J4\n1vtcH+n/oi/q/r0js29CAHtpJP6TnAF7m4008ER/kB9abpljsbrN3wDgs4hGIpwn\nWdFO5OGMq051MOq7kJFIFIdtIIJqaiI54/wF6JSUg+wRddQblbGPqS3RVE3iH8hQ\njpPckKFAn/jyBLBfdqQh6wHGJ/swiWY9g/Fq7zU8bsxElPSgB9jrnH6EilQ=\n-----END RSA PRIVATE KEY-----\n",
            "content_base64": null,
            "content_base64sha256": "qyF+ePc8eJS1Xa82Iqwx01+OCf5zQImIKJ8vA8Md1nI=",
            "content_base64sha512": "wBkTEAPueQUPaXa0sF0xSz4NR3Wt8csNh/W6aFB4QZ5L0JNN//tj7xWw0bPDHY+BvrhmKHsoTDVntOtyo7m7jQ==",
            "content_md5": "a98acca17f6675e232edca5d5204facc",
            "content_sha1": "ddee06464c71f352f255ec460d2f7c5059313666",
            "content_sha256": "ab217e78f73c7894b55daf3622ac31d35f8e09fe73408988289f2f03c31dd672",
            "content_sha512": "c019131003ee79050f6976b4b05d314b3e0d4775adf1cb0d87f5ba685078419e4bd0934dfffb63ef15b0d1b3c31d8f81beb866287b284c3567b4eb72a3b9bb8d",
            "directory_permission": "0777",
            "file_permission": "0777",
            "filename": "linux-key-pair-x.pem",
            "id": "ddee06464c71f352f255ec460d2f7c5059313666",
            "sensitive_content": null,
            "source": null
          },
          "sensitive_attributes": [
            [
              {
                "type": "get_attr",
                "value": "content"
              }
            ]
          ],
          "dependencies": [
            "module.Jenkins_server.aws_key_pair.key_pair",
            "module.Jenkins_server.tls_private_key.private_key"
          ]
        }
      ]
    },
    {
      "module": "module.Jenkins_server",
      "mode": "managed",
      "type": "tls_private_key",
      "name": "private_key",
      "provider": "provider[\"registry.terraform.io/hashicorp/tls\"]",
      "instances": [
        {
          "schema_version": 1,
          "attributes": {
            "algorithm": "RSA",
            "ecdsa_curve": "P224",
            "id": "e1be07a658deb8d2b9a75e6e3ba337081162a924",
            "private_key_openssh": "-----BEGIN OPENSSH PRIVATE KEY-----\nb3BlbnNzaC1rZXktdjEAAAAABG5vbmUAAAAEbm9uZQAAAAAAAAABAAACFwAAAAdz\nc2gtcnNhAAAAAwEAAQAAAgEA0RZSkNIevETlO2uduQFW3R3c1l9rgsJB9WWroLsw\nKVO1PdiuffowgHKHBKLB4KTGcRmfchwYH0hoB/WvM1Ix4QCyjoPgJheNKp/KH4ga\n0Gh/k+R1BNh5Cw680f8YmBOjl+blTzxFXivmrnkZn8TcxanIx4KVqwaKGwwGt3Z4\nv+lza4ON4f0GN2FOCtlJj3hmPq8sWK0K6lmvuEmxvejvKi/gwoC1GhAf9tued5nW\n26g397vtpK9NU7hdJstlesZ1NZmdHNVNJYeZqKZpO9t/7AKXQH7ITYzDbxWNT6lQ\ntKi49EeW9kjbyoKCToQROIieOF6KHxB6JxzzM9ocYtjOQ66gEhIxnu8gQUtcBdRj\n4XQZdNcmbJe8/lLmOBGXaIEXdlx04RaMpsjfneY1LIhVR9hekVD5Nfr0Baa05TP3\nsyaZhykfBqdoNBhvKKZifo89vKJjAVSdYreyV0brYCJKj1ebZPzTfjFRmVd0mSAn\nzlRuJCapTI/fZ2XaLKS2o9L+5GRgU8tIB9oeatifePyDAmkJnDYgMO4EV8CYIpt7\n8a7kboMshJuelXbFruhmlj6H8YrM0pAYhhVnZiuFaI7RZCI+c+u3iJ23HcXFfDeA\nEKlhvXSdWfHGq+77bIESf971wKEetCC1VYpWQA1QmveLLyjjZb6vWN0nW3GSr6IE\n5vEAAAc40pdaPdKXWj0AAAAHc3NoLXJzYQAAAgEA0RZSkNIevETlO2uduQFW3R3c\n1l9rgsJB9WWroLswKVO1PdiuffowgHKHBKLB4KTGcRmfchwYH0hoB/WvM1Ix4QCy\njoPgJheNKp/KH4ga0Gh/k+R1BNh5Cw680f8YmBOjl+blTzxFXivmrnkZn8TcxanI\nx4KVqwaKGwwGt3Z4v+lza4ON4f0GN2FOCtlJj3hmPq8sWK0K6lmvuEmxvejvKi/g\nwoC1GhAf9tued5nW26g397vtpK9NU7hdJstlesZ1NZmdHNVNJYeZqKZpO9t/7AKX\nQH7ITYzDbxWNT6lQtKi49EeW9kjbyoKCToQROIieOF6KHxB6JxzzM9ocYtjOQ66g\nEhIxnu8gQUtcBdRj4XQZdNcmbJe8/lLmOBGXaIEXdlx04RaMpsjfneY1LIhVR9he\nkVD5Nfr0Baa05TP3syaZhykfBqdoNBhvKKZifo89vKJjAVSdYreyV0brYCJKj1eb\nZPzTfjFRmVd0mSAnzlRuJCapTI/fZ2XaLKS2o9L+5GRgU8tIB9oeatifePyDAmkJ\nnDYgMO4EV8CYIpt78a7kboMshJuelXbFruhmlj6H8YrM0pAYhhVnZiuFaI7RZCI+\nc+u3iJ23HcXFfDeAEKlhvXSdWfHGq+77bIESf971wKEetCC1VYpWQA1QmveLLyjj\nZb6vWN0nW3GSr6IE5vEAAAADAQABAAACAAazJGonkXyO6JmC1Ub8WAA12MG1xQgn\nmV13qIw5800ftYsJym2W+r7i7Jilbnj4TrOJEqbhZ5R5CXxXzwlh9N802oPejewq\njQd0n1FrVxCeiJgAlg9VsGs+Saag+fTFjFRtvaNQVxixZ27nyn5oHHro+doKwSj9\nyKcdN4nhbfUYUe58BKvdI7nakFmgpM7IGN6hVlZxFQx1W0AYfG2NbTx41EbnQOZY\n5e1PFEDY2R2owkJZ7z97roqkObfohJPukArrpTErVJGDStUwn+afHfY+DwKuDVUO\n0aRZmHGZB1ECpwqM0LWLmB9hFzPU34hkOE2uGdbs/D0MnG5o6sfwEovh0vOxR6Au\nM/I0DXCooTD9MvkPGXzUg9P9LJwBzonjE2nVLmzQDIsVYaJIejKQr1VDbeqUUaFU\nuTI8bB+JpNXyZz9tgnzc13vqx96S3lIlveQv2waaM/IWxJlwq9tpJY2+6ESAmWeR\nQcjjgrjafPMj8b3z2DTBJqjyaAvwy3QKEEIk7qSF7OUAhVqAtTukFZF+Shz/8S+z\nXYzK3WCX3c3ZQgL0kJ/bEpAXZ+jNLVKyMhcpui3LdxNVWm0lmfDKcYywNHzcjm/F\nsmkOxmHYmWWwjHMcbnNBEcaQS1BjfGkhIkYrtc53+pPfSEupfEFwq9wVc29Qwyy/\n+O/xdjdQAieRAAABAQDb/oIL3/tMEyEtRl+Tpo4SncZjyAl5oKAemFow9l31ignz\nW3uBqF8dejf0Xzjdk8ive6qY/PZffg56UR6f68A/Orao62o+3JFKyNNeH7fJAHln\n1u/lgLteFIgbULrjIjMZaINybHc1nsPP9sAIrBnoQZ9yeNb7XB/p/6Iv6v69I7Nv\nQgB7aST+k5wBe5uNNPBEf5AfWm6ZY7G6zd8A4LOIRiKcJ1nRTuThjKtOdTDqu5CR\nSBSHbSCCamoiOeP8BeiUlIPsEXXUG5Wxj6kt0VRN4h/IUI6T3JChQJ/48gSwX3ak\nIesBxif7MIlmPYPxau81PG7MRJT0oAfY65x+hIpUAAABAQDgGTWbqhpbU39EaZk9\nxXM1atSWemJlEUHvAG/axgSp4BMp/OO36DOtiGEez5R5OHqIo5EScF3lc9bvjL/y\nKkVuiN6LJKLb2XyvPlnbDWIMcdABa/0f4lscFzd+PffkMyBwpWJT2IW3rE+w7UpD\n+PhALS3kxGF6hJE5s0UM/fi0eaCykNwLUmTOn5Tyub99RlbHs6cZoRNcm+fxClOI\nlP4wm+UMSDD4q8JEHsPBOUy5gJQbF42hVFJ0DG3icMkW+YuYG+BEFtfvggfxljtK\ncNTLcOlSfZYPCtidTc95WZS8OzmiL2UCz54H9AbDzsQXLBRTwHijJhYuE9ZCaHLc\nKxKLAAABAQDu2g8lqu+hcA+PCUFs8hqSEdMzMiTF2f+POQVcDeRgFCsMZyrnf38Q\nCb80E8prh1piXChxtYEAOZrFApqOzP2ozaGytlJSlfAvrXkgjobN4pt4lqflbPmf\nqrPdfKKibGn4RROe/tnrGJeC+tRR94lp95Z9m7PRKNf+MdVyvHe7/DfYuVj16ZPB\nk+wTxAlOU+JCyR9Imnc4/xeAS48LS63gzKfezlUi5cLdzmPzOvS7i9Ts3NMd9ZkA\nttM5GbHzab/x2sRKFyQ63Ppgr+jKh+JlPPBOy3IGNE/lr3sLCcnKDf61Tp3kt+YY\nD/Hgrdsm6vWdHnG3RUwNd/rlRXMdcYfzAAAAAAEC\n-----END OPENSSH PRIVATE KEY-----\n",
            "private_key_pem": "-----BEGIN RSA PRIVATE KEY-----\nMIIJKAIBAAKCAgEA0RZSkNIevETlO2uduQFW3R3c1l9rgsJB9WWroLswKVO1Pdiu\nffowgHKHBKLB4KTGcRmfchwYH0hoB/WvM1Ix4QCyjoPgJheNKp/KH4ga0Gh/k+R1\nBNh5Cw680f8YmBOjl+blTzxFXivmrnkZn8TcxanIx4KVqwaKGwwGt3Z4v+lza4ON\n4f0GN2FOCtlJj3hmPq8sWK0K6lmvuEmxvejvKi/gwoC1GhAf9tued5nW26g397vt\npK9NU7hdJstlesZ1NZmdHNVNJYeZqKZpO9t/7AKXQH7ITYzDbxWNT6lQtKi49EeW\n9kjbyoKCToQROIieOF6KHxB6JxzzM9ocYtjOQ66gEhIxnu8gQUtcBdRj4XQZdNcm\nbJe8/lLmOBGXaIEXdlx04RaMpsjfneY1LIhVR9hekVD5Nfr0Baa05TP3syaZhykf\nBqdoNBhvKKZifo89vKJjAVSdYreyV0brYCJKj1ebZPzTfjFRmVd0mSAnzlRuJCap\nTI/fZ2XaLKS2o9L+5GRgU8tIB9oeatifePyDAmkJnDYgMO4EV8CYIpt78a7kboMs\nhJuelXbFruhmlj6H8YrM0pAYhhVnZiuFaI7RZCI+c+u3iJ23HcXFfDeAEKlhvXSd\nWfHGq+77bIESf971wKEetCC1VYpWQA1QmveLLyjjZb6vWN0nW3GSr6IE5vECAwEA\nAQKCAgAGsyRqJ5F8juiZgtVG/FgANdjBtcUIJ5ldd6iMOfNNH7WLCcptlvq+4uyY\npW54+E6ziRKm4WeUeQl8V88JYfTfNNqD3o3sKo0HdJ9Ra1cQnoiYAJYPVbBrPkmm\noPn0xYxUbb2jUFcYsWdu58p+aBx66PnaCsEo/cinHTeJ4W31GFHufASr3SO52pBZ\noKTOyBjeoVZWcRUMdVtAGHxtjW08eNRG50DmWOXtTxRA2NkdqMJCWe8/e66KpDm3\n6IST7pAK66UxK1SRg0rVMJ/mnx32Pg8Crg1VDtGkWZhxmQdRAqcKjNC1i5gfYRcz\n1N+IZDhNrhnW7Pw9DJxuaOrH8BKL4dLzsUegLjPyNA1wqKEw/TL5Dxl81IPT/Syc\nAc6J4xNp1S5s0AyLFWGiSHoykK9VQ23qlFGhVLkyPGwfiaTV8mc/bYJ83Nd76sfe\nkt5SJb3kL9sGmjPyFsSZcKvbaSWNvuhEgJlnkUHI44K42nzzI/G989g0wSao8mgL\n8Mt0ChBCJO6khezlAIVagLU7pBWRfkoc//Evs12Myt1gl93N2UIC9JCf2xKQF2fo\nzS1SsjIXKboty3cTVVptJZnwynGMsDR83I5vxbJpDsZh2JllsIxzHG5zQRHGkEtQ\nY3xpISJGK7XOd/qT30hLqXxBcKvcFXNvUMMsv/jv8XY3UAInkQKCAQEA4Bk1m6oa\nW1N/RGmZPcVzNWrUlnpiZRFB7wBv2sYEqeATKfzjt+gzrYhhHs+UeTh6iKOREnBd\n5XPW74y/8ipFbojeiySi29l8rz5Z2w1iDHHQAWv9H+JbHBc3fj335DMgcKViU9iF\nt6xPsO1KQ/j4QC0t5MRheoSRObNFDP34tHmgspDcC1Jkzp+U8rm/fUZWx7OnGaET\nXJvn8QpTiJT+MJvlDEgw+KvCRB7DwTlMuYCUGxeNoVRSdAxt4nDJFvmLmBvgRBbX\n74IH8ZY7SnDUy3DpUn2WDwrYnU3PeVmUvDs5oi9lAs+eB/QGw87EFywUU8B4oyYW\nLhPWQmhy3CsSiwKCAQEA7toPJarvoXAPjwlBbPIakhHTMzIkxdn/jzkFXA3kYBQr\nDGcq539/EAm/NBPKa4daYlwocbWBADmaxQKajsz9qM2hsrZSUpXwL615II6GzeKb\neJan5Wz5n6qz3Xyiomxp+EUTnv7Z6xiXgvrUUfeJafeWfZuz0SjX/jHVcrx3u/w3\n2LlY9emTwZPsE8QJTlPiQskfSJp3OP8XgEuPC0ut4Myn3s5VIuXC3c5j8zr0u4vU\n7NzTHfWZALbTORmx82m/8drEShckOtz6YK/oyofiZTzwTstyBjRP5a97CwnJyg3+\ntU6d5LfmGA/x4K3bJur1nR5xt0VMDXf65UVzHXGH8wKCAQAxbJ3sJQoHFlU9S2Tm\nwMN2Boe4YGmPDM1T3u7Me1vP84GGgyXeC7JKFYgF+ZYvXgt4U0rNnEa5MmE3F/3F\ndRk3FayvV3crsb3UEJZUv5DeWcOcbKq4+31Ipr4wc45WoAgJkBAtmdVz+ubgiJUW\nhLSLwusaR02Qbehxp14VTXYqp6CPgW9md9eP0pZRKjJXeMnu5Wp3NpVEmYYAHVzr\nBKFDKz7LBKj4TzlbOMXHudF4ICmKCBnOeQBuY8dgZ6uSC5uEArHlknwxcKY72/xb\noKLt84siDFyqGKRJnT2i7+Tj1tQRNw66HfwmmOVdDh8lVS1ug0aYBPBjXTCmGM8s\nS7udAoIBAFznHislkK13W+Xj0LnidWlJW5+3Kkx2nYuEv0vt711bmt7pJewDUFXZ\npLBJ3lryu7o0ZFrOIU4IGeX1PE689xD4YqOTfPO4dELnM4zxQwfD03sVBlsbhwCO\nsgU9XDjW+GTj4Vzffb2OxCfjDkCPirhX4AYdUNTTEShDE+Xb3qqU0NgQR8TmxFzv\n/0w03PXFdOVLO0rPIf5eYjK5sPrQxeIBWG42TTEUszX4+DF8RgLIwdobjlZB1/BK\nLGAyWV/3Svx0fhLfa20l1JFU+rQEJJACIupTAZfeMxGArtg9R2q7BM5atNlomivT\nz933YZ2CmGQzmkGRx6IZf9I7sCnMpfcCggEBANv+ggvf+0wTIS1GX5OmjhKdxmPI\nCXmgoB6YWjD2XfWKCfNbe4GoXx16N/RfON2TyK97qpj89l9+DnpRHp/rwD86tqjr\naj7ckUrI014ft8kAeWfW7+WAu14UiBtQuuMiMxlog3JsdzWew8/2wAisGehBn3J4\n1vtcH+n/oi/q/r0js29CAHtpJP6TnAF7m4008ER/kB9abpljsbrN3wDgs4hGIpwn\nWdFO5OGMq051MOq7kJFIFIdtIIJqaiI54/wF6JSUg+wRddQblbGPqS3RVE3iH8hQ\njpPckKFAn/jyBLBfdqQh6wHGJ/swiWY9g/Fq7zU8bsxElPSgB9jrnH6EilQ=\n-----END RSA PRIVATE KEY-----\n",
            "private_key_pem_pkcs8": "-----BEGIN PRIVATE KEY-----\nMIIJQgIBADANBgkqhkiG9w0BAQEFAASCCSwwggkoAgEAAoICAQDRFlKQ0h68ROU7\na525AVbdHdzWX2uCwkH1ZauguzApU7U92K59+jCAcocEosHgpMZxGZ9yHBgfSGgH\n9a8zUjHhALKOg+AmF40qn8ofiBrQaH+T5HUE2HkLDrzR/xiYE6OX5uVPPEVeK+au\neRmfxNzFqcjHgpWrBoobDAa3dni/6XNrg43h/QY3YU4K2UmPeGY+ryxYrQrqWa+4\nSbG96O8qL+DCgLUaEB/22553mdbbqDf3u+2kr01TuF0my2V6xnU1mZ0c1U0lh5mo\npmk723/sApdAfshNjMNvFY1PqVC0qLj0R5b2SNvKgoJOhBE4iJ44XoofEHonHPMz\n2hxi2M5DrqASEjGe7yBBS1wF1GPhdBl01yZsl7z+UuY4EZdogRd2XHThFoymyN+d\n5jUsiFVH2F6RUPk1+vQFprTlM/ezJpmHKR8Gp2g0GG8opmJ+jz28omMBVJ1it7JX\nRutgIkqPV5tk/NN+MVGZV3SZICfOVG4kJqlMj99nZdospLaj0v7kZGBTy0gH2h5q\n2J94/IMCaQmcNiAw7gRXwJgim3vxruRugyyEm56VdsWu6GaWPofxiszSkBiGFWdm\nK4VojtFkIj5z67eInbcdxcV8N4AQqWG9dJ1Z8car7vtsgRJ/3vXAoR60ILVVilZA\nDVCa94svKONlvq9Y3SdbcZKvogTm8QIDAQABAoICAAazJGonkXyO6JmC1Ub8WAA1\n2MG1xQgnmV13qIw5800ftYsJym2W+r7i7Jilbnj4TrOJEqbhZ5R5CXxXzwlh9N80\n2oPejewqjQd0n1FrVxCeiJgAlg9VsGs+Saag+fTFjFRtvaNQVxixZ27nyn5oHHro\n+doKwSj9yKcdN4nhbfUYUe58BKvdI7nakFmgpM7IGN6hVlZxFQx1W0AYfG2NbTx4\n1EbnQOZY5e1PFEDY2R2owkJZ7z97roqkObfohJPukArrpTErVJGDStUwn+afHfY+\nDwKuDVUO0aRZmHGZB1ECpwqM0LWLmB9hFzPU34hkOE2uGdbs/D0MnG5o6sfwEovh\n0vOxR6AuM/I0DXCooTD9MvkPGXzUg9P9LJwBzonjE2nVLmzQDIsVYaJIejKQr1VD\nbeqUUaFUuTI8bB+JpNXyZz9tgnzc13vqx96S3lIlveQv2waaM/IWxJlwq9tpJY2+\n6ESAmWeRQcjjgrjafPMj8b3z2DTBJqjyaAvwy3QKEEIk7qSF7OUAhVqAtTukFZF+\nShz/8S+zXYzK3WCX3c3ZQgL0kJ/bEpAXZ+jNLVKyMhcpui3LdxNVWm0lmfDKcYyw\nNHzcjm/FsmkOxmHYmWWwjHMcbnNBEcaQS1BjfGkhIkYrtc53+pPfSEupfEFwq9wV\nc29Qwyy/+O/xdjdQAieRAoIBAQDgGTWbqhpbU39EaZk9xXM1atSWemJlEUHvAG/a\nxgSp4BMp/OO36DOtiGEez5R5OHqIo5EScF3lc9bvjL/yKkVuiN6LJKLb2XyvPlnb\nDWIMcdABa/0f4lscFzd+PffkMyBwpWJT2IW3rE+w7UpD+PhALS3kxGF6hJE5s0UM\n/fi0eaCykNwLUmTOn5Tyub99RlbHs6cZoRNcm+fxClOIlP4wm+UMSDD4q8JEHsPB\nOUy5gJQbF42hVFJ0DG3icMkW+YuYG+BEFtfvggfxljtKcNTLcOlSfZYPCtidTc95\nWZS8OzmiL2UCz54H9AbDzsQXLBRTwHijJhYuE9ZCaHLcKxKLAoIBAQDu2g8lqu+h\ncA+PCUFs8hqSEdMzMiTF2f+POQVcDeRgFCsMZyrnf38QCb80E8prh1piXChxtYEA\nOZrFApqOzP2ozaGytlJSlfAvrXkgjobN4pt4lqflbPmfqrPdfKKibGn4RROe/tnr\nGJeC+tRR94lp95Z9m7PRKNf+MdVyvHe7/DfYuVj16ZPBk+wTxAlOU+JCyR9Imnc4\n/xeAS48LS63gzKfezlUi5cLdzmPzOvS7i9Ts3NMd9ZkAttM5GbHzab/x2sRKFyQ6\n3Ppgr+jKh+JlPPBOy3IGNE/lr3sLCcnKDf61Tp3kt+YYD/Hgrdsm6vWdHnG3RUwN\nd/rlRXMdcYfzAoIBADFsnewlCgcWVT1LZObAw3YGh7hgaY8MzVPe7sx7W8/zgYaD\nJd4LskoViAX5li9eC3hTSs2cRrkyYTcX/cV1GTcVrK9XdyuxvdQQllS/kN5Zw5xs\nqrj7fUimvjBzjlagCAmQEC2Z1XP65uCIlRaEtIvC6xpHTZBt6HGnXhVNdiqnoI+B\nb2Z314/SllEqMld4ye7lanc2lUSZhgAdXOsEoUMrPssEqPhPOVs4xce50XggKYoI\nGc55AG5jx2Bnq5ILm4QCseWSfDFwpjvb/Fugou3ziyIMXKoYpEmdPaLv5OPW1BE3\nDrod/CaY5V0OHyVVLW6DRpgE8GNdMKYYzyxLu50CggEAXOceKyWQrXdb5ePQueJ1\naUlbn7cqTHadi4S/S+3vXVua3ukl7ANQVdmksEneWvK7ujRkWs4hTggZ5fU8Trz3\nEPhio5N887h0QuczjPFDB8PTexUGWxuHAI6yBT1cONb4ZOPhXN99vY7EJ+MOQI+K\nuFfgBh1Q1NMRKEMT5dveqpTQ2BBHxObEXO//TDTc9cV05Us7Ss8h/l5iMrmw+tDF\n4gFYbjZNMRSzNfj4MXxGAsjB2huOVkHX8EosYDJZX/dK/HR+Et9rbSXUkVT6tAQk\nkAIi6lMBl94zEYCu2D1HarsEzlq02WiaK9PP3fdhnYKYZDOaQZHHohl/0juwKcyl\n9wKCAQEA2/6CC9/7TBMhLUZfk6aOEp3GY8gJeaCgHphaMPZd9YoJ81t7gahfHXo3\n9F843ZPIr3uqmPz2X34OelEen+vAPzq2qOtqPtyRSsjTXh+3yQB5Z9bv5YC7XhSI\nG1C64yIzGWiDcmx3NZ7Dz/bACKwZ6EGfcnjW+1wf6f+iL+r+vSOzb0IAe2kk/pOc\nAXubjTTwRH+QH1pumWOxus3fAOCziEYinCdZ0U7k4YyrTnUw6ruQkUgUh20ggmpq\nIjnj/AXolJSD7BF11BuVsY+pLdFUTeIfyFCOk9yQoUCf+PIEsF92pCHrAcYn+zCJ\nZj2D8WrvNTxuzESU9KAH2OucfoSKVA==\n-----END PRIVATE KEY-----\n",
            "public_key_fingerprint_md5": "94:e1:71:bc:00:95:59:be:af:3f:76:e1:60:5c:4b:15",
            "public_key_fingerprint_sha256": "SHA256:Fd1ncx9ES3qQ/CFFZl3/zFhrJ9ivwv9voQC7ADhz7HU",
            "public_key_openssh": "ssh-rsa AAAAB3NzaC1yc2EAAAADAQABAAACAQDRFlKQ0h68ROU7a525AVbdHdzWX2uCwkH1ZauguzApU7U92K59+jCAcocEosHgpMZxGZ9yHBgfSGgH9a8zUjHhALKOg+AmF40qn8ofiBrQaH+T5HUE2HkLDrzR/xiYE6OX5uVPPEVeK+aueRmfxNzFqcjHgpWrBoobDAa3dni/6XNrg43h/QY3YU4K2UmPeGY+ryxYrQrqWa+4SbG96O8qL+DCgLUaEB/22553mdbbqDf3u+2kr01TuF0my2V6xnU1mZ0c1U0lh5mopmk723/sApdAfshNjMNvFY1PqVC0qLj0R5b2SNvKgoJOhBE4iJ44XoofEHonHPMz2hxi2M5DrqASEjGe7yBBS1wF1GPhdBl01yZsl7z+UuY4EZdogRd2XHThFoymyN+d5jUsiFVH2F6RUPk1+vQFprTlM/ezJpmHKR8Gp2g0GG8opmJ+jz28omMBVJ1it7JXRutgIkqPV5tk/NN+MVGZV3SZICfOVG4kJqlMj99nZdospLaj0v7kZGBTy0gH2h5q2J94/IMCaQmcNiAw7gRXwJgim3vxruRugyyEm56VdsWu6GaWPofxiszSkBiGFWdmK4VojtFkIj5z67eInbcdxcV8N4AQqWG9dJ1Z8car7vtsgRJ/3vXAoR60ILVVilZADVCa94svKONlvq9Y3SdbcZKvogTm8Q==\n",
            "public_key_pem": "-----BEGIN PUBLIC KEY-----\nMIICIjANBgkqhkiG9w0BAQEFAAOCAg8AMIICCgKCAgEA0RZSkNIevETlO2uduQFW\n3R3c1l9rgsJB9WWroLswKVO1PdiuffowgHKHBKLB4KTGcRmfchwYH0hoB/WvM1Ix\n4QCyjoPgJheNKp/KH4ga0Gh/k+R1BNh5Cw680f8YmBOjl+blTzxFXivmrnkZn8Tc\nxanIx4KVqwaKGwwGt3Z4v+lza4ON4f0GN2FOCtlJj3hmPq8sWK0K6lmvuEmxvejv\nKi/gwoC1GhAf9tued5nW26g397vtpK9NU7hdJstlesZ1NZmdHNVNJYeZqKZpO9t/\n7AKXQH7ITYzDbxWNT6lQtKi49EeW9kjbyoKCToQROIieOF6KHxB6JxzzM9ocYtjO\nQ66gEhIxnu8gQUtcBdRj4XQZdNcmbJe8/lLmOBGXaIEXdlx04RaMpsjfneY1LIhV\nR9hekVD5Nfr0Baa05TP3syaZhykfBqdoNBhvKKZifo89vKJjAVSdYreyV0brYCJK\nj1ebZPzTfjFRmVd0mSAnzlRuJCapTI/fZ2XaLKS2o9L+5GRgU8tIB9oeatifePyD\nAmkJnDYgMO4EV8CYIpt78a7kboMshJuelXbFruhmlj6H8YrM0pAYhhVnZiuFaI7R\nZCI+c+u3iJ23HcXFfDeAEKlhvXSdWfHGq+77bIESf971wKEetCC1VYpWQA1QmveL\nLyjjZb6vWN0nW3GSr6IE5vECAwEAAQ==\n-----END PUBLIC KEY-----\n",
            "rsa_bits": 4096
          },
          "sensitive_attributes": []
        }
      ]
    },
    {
      "module": "module.LoadBalancer",
      "mode": "managed",
      "type": "aws_lb",
      "name": "test",
      "provider": "provider[\"registry.terraform.io/hashicorp/aws\"]",
      "instances": [
        {
          "schema_version": 0,
          "attributes": {
            "access_logs": [
              {
                "bucket": "",
                "enabled": false,
                "prefix": ""
              }
            ],
            "arn": "arn:aws:elasticloadbalancing:us-west-1:694505486355:loadbalancer/app/test-lb-tf/7787c07502043746",
            "arn_suffix": "app/test-lb-tf/7787c07502043746",
            "connection_logs": [
              {
                "bucket": "",
                "enabled": false,
                "prefix": ""
              }
            ],
            "customer_owned_ipv4_pool": "",
            "desync_mitigation_mode": "defensive",
            "dns_name": "test-lb-tf-1245996863.us-west-1.elb.amazonaws.com",
            "dns_record_client_routing_policy": null,
            "drop_invalid_header_fields": false,
            "enable_cross_zone_load_balancing": true,
            "enable_deletion_protection": false,
            "enable_http2": true,
            "enable_tls_version_and_cipher_suite_headers": false,
            "enable_waf_fail_open": false,
            "enable_xff_client_port": false,
            "enforce_security_group_inbound_rules_on_private_link_traffic": "",
            "id": "arn:aws:elasticloadbalancing:us-west-1:694505486355:loadbalancer/app/test-lb-tf/7787c07502043746",
            "idle_timeout": 60,
            "internal": false,
            "ip_address_type": "ipv4",
            "load_balancer_type": "application",
            "name": "test-lb-tf",
            "name_prefix": "",
            "preserve_host_header": false,
            "security_groups": [
              "sg-0e6879bab27714c5a"
            ],
            "subnet_mapping": [
              {
                "allocation_id": "",
                "ipv6_address": "",
                "outpost_id": "",
                "private_ipv4_address": "",
                "subnet_id": "subnet-018ca390f7803e6cb"
              },
              {
                "allocation_id": "",
                "ipv6_address": "",
                "outpost_id": "",
                "private_ipv4_address": "",
                "subnet_id": "subnet-01ba381c00ef7d627"
              }
            ],
            "subnets": [
              "subnet-018ca390f7803e6cb",
              "subnet-01ba381c00ef7d627"
            ],
            "tags": {},
            "tags_all": {},
            "timeouts": null,
            "vpc_id": "vpc-0907a192ab3bb7153",
            "xff_header_processing_mode": "append",
            "zone_id": "Z368ELLRRE2KJ0"
          },
          "sensitive_attributes": [],
          "private": "eyJlMmJmYjczMC1lY2FhLTExZTYtOGY4OC0zNDM2M2JjN2M0YzAiOnsiY3JlYXRlIjo2MDAwMDAwMDAwMDAsImRlbGV0ZSI6NjAwMDAwMDAwMDAwLCJ1cGRhdGUiOjYwMDAwMDAwMDAwMH19",
          "dependencies": [
            "module.networking.aws_subnet.public_subnets",
            "module.networking.aws_vpc.X_VPC",
            "module.securitygroup.aws_security_group.LB_SG"
          ]
        }
      ]
    },
    {
      "module": "module.LoadBalancer",
      "mode": "managed",
      "type": "aws_lb_listener",
      "name": "front_end",
      "provider": "provider[\"registry.terraform.io/hashicorp/aws\"]",
      "instances": [
        {
          "index_key": 0,
          "schema_version": 0,
          "attributes": {
            "alpn_policy": null,
            "arn": "arn:aws:elasticloadbalancing:us-west-1:694505486355:listener/app/test-lb-tf/7787c07502043746/52fc04e7bbf1643f",
            "certificate_arn": null,
            "default_action": [
              {
                "authenticate_cognito": [],
                "authenticate_oidc": [],
                "fixed_response": [],
                "forward": [],
                "order": 1,
                "redirect": [],
                "target_group_arn": "arn:aws:elasticloadbalancing:us-west-1:694505486355:targetgroup/JenkinsTG/876267aaa8b7fcf4",
                "type": "forward"
              }
            ],
            "id": "arn:aws:elasticloadbalancing:us-west-1:694505486355:listener/app/test-lb-tf/7787c07502043746/52fc04e7bbf1643f",
            "load_balancer_arn": "arn:aws:elasticloadbalancing:us-west-1:694505486355:loadbalancer/app/test-lb-tf/7787c07502043746",
            "mutual_authentication": [],
            "port": 80,
            "protocol": "HTTP",
            "ssl_policy": "",
            "tags": {},
            "tags_all": {},
            "timeouts": null
          },
          "sensitive_attributes": [],
          "private": "eyJlMmJmYjczMC1lY2FhLTExZTYtOGY4OC0zNDM2M2JjN2M0YzAiOnsiY3JlYXRlIjozMDAwMDAwMDAwMDAsInVwZGF0ZSI6MzAwMDAwMDAwMDAwfX0=",
          "dependencies": [
            "module.LoadBalancer.aws_lb.test",
            "module.TG.aws_lb_target_group.jenkinsTG",
            "module.networking.aws_subnet.public_subnets",
            "module.networking.aws_vpc.X_VPC",
            "module.securitygroup.aws_security_group.LB_SG"
          ]
        },
        {
          "index_key": 1,
          "schema_version": 0,
          "attributes": {
            "alpn_policy": null,
            "arn": "arn:aws:elasticloadbalancing:us-west-1:694505486355:listener/app/test-lb-tf/7787c07502043746/10f48b0c78602299",
            "certificate_arn": null,
            "default_action": [
              {
                "authenticate_cognito": [],
                "authenticate_oidc": [],
                "fixed_response": [],
                "forward": [],
                "order": 1,
                "redirect": [],
                "target_group_arn": "arn:aws:elasticloadbalancing:us-west-1:694505486355:targetgroup/FlaskTG/a6647908bff583c5",
                "type": "forward"
              }
            ],
            "id": "arn:aws:elasticloadbalancing:us-west-1:694505486355:listener/app/test-lb-tf/7787c07502043746/10f48b0c78602299",
            "load_balancer_arn": "arn:aws:elasticloadbalancing:us-west-1:694505486355:loadbalancer/app/test-lb-tf/7787c07502043746",
            "mutual_authentication": [],
            "port": 4000,
            "protocol": "HTTP",
            "ssl_policy": "",
            "tags": {},
            "tags_all": {},
            "timeouts": null
          },
          "sensitive_attributes": [],
          "private": "eyJlMmJmYjczMC1lY2FhLTExZTYtOGY4OC0zNDM2M2JjN2M0YzAiOnsiY3JlYXRlIjozMDAwMDAwMDAwMDAsInVwZGF0ZSI6MzAwMDAwMDAwMDAwfX0=",
          "dependencies": [
            "module.LoadBalancer.aws_lb.test",
            "module.TG.aws_lb_target_group.jenkinsTG",
            "module.networking.aws_subnet.public_subnets",
            "module.networking.aws_vpc.X_VPC",
            "module.securitygroup.aws_security_group.LB_SG"
          ]
        }
      ]
    },
    {
      "module": "module.TG",
      "mode": "managed",
      "type": "aws_alb_target_group_attachment",
      "name": "test",
      "provider": "provider[\"registry.terraform.io/hashicorp/aws\"]",
      "instances": [
        {
          "index_key": 0,
          "schema_version": 0,
          "attributes": {
            "availability_zone": null,
            "id": "arn:aws:elasticloadbalancing:us-west-1:694505486355:targetgroup/JenkinsTG/876267aaa8b7fcf4-20240317182250804600000002",
            "port": 8080,
            "target_group_arn": "arn:aws:elasticloadbalancing:us-west-1:694505486355:targetgroup/JenkinsTG/876267aaa8b7fcf4",
            "target_id": "i-0e127f007c7691046"
          },
          "sensitive_attributes": [],
          "private": "bnVsbA==",
          "dependencies": [
            "module.Jenkins_server.aws_instance.jenkins",
            "module.Jenkins_server.aws_key_pair.key_pair",
            "module.Jenkins_server.tls_private_key.private_key",
            "module.TG.aws_lb_target_group.jenkinsTG",
            "module.flask_server.aws_instance.flask-server_tf",
            "module.flask_server_SG.aws_security_group.Flask_SG",
            "module.networking.aws_subnet.private_subnets",
            "module.networking.aws_subnet.public_subnets",
            "module.networking.aws_vpc.X_VPC",
            "module.securitygroup.aws_security_group.SG"
          ]
        },
        {
          "index_key": 1,
          "schema_version": 0,
          "attributes": {
            "availability_zone": null,
            "id": "arn:aws:elasticloadbalancing:us-west-1:694505486355:targetgroup/FlaskTG/a6647908bff583c5-20240317182250464500000001",
            "port": 5000,
            "target_group_arn": "arn:aws:elasticloadbalancing:us-west-1:694505486355:targetgroup/FlaskTG/a6647908bff583c5",
            "target_id": "i-0690eab800c174a9a"
          },
          "sensitive_attributes": [],
          "private": "bnVsbA==",
          "dependencies": [
            "module.Jenkins_server.aws_instance.jenkins",
            "module.Jenkins_server.aws_key_pair.key_pair",
            "module.Jenkins_server.tls_private_key.private_key",
            "module.TG.aws_lb_target_group.jenkinsTG",
            "module.flask_server.aws_instance.flask-server_tf",
            "module.flask_server_SG.aws_security_group.Flask_SG",
            "module.networking.aws_subnet.private_subnets",
            "module.networking.aws_subnet.public_subnets",
            "module.networking.aws_vpc.X_VPC",
            "module.securitygroup.aws_security_group.SG"
          ]
        }
      ]
    },
    {
      "module": "module.TG",
      "mode": "managed",
      "type": "aws_lb_target_group",
      "name": "jenkinsTG",
      "provider": "provider[\"registry.terraform.io/hashicorp/aws\"]",
      "instances": [
        {
          "index_key": 0,
          "schema_version": 0,
          "attributes": {
            "arn": "arn:aws:elasticloadbalancing:us-west-1:694505486355:targetgroup/JenkinsTG/876267aaa8b7fcf4",
            "arn_suffix": "targetgroup/JenkinsTG/876267aaa8b7fcf4",
            "connection_termination": null,
            "deregistration_delay": "300",
            "health_check": [
              {
                "enabled": true,
                "healthy_threshold": 6,
                "interval": 5,
                "matcher": "200",
                "path": "/login",
                "port": "8080",
                "protocol": "HTTP",
                "timeout": 2,
                "unhealthy_threshold": 2
              }
            ],
            "id": "arn:aws:elasticloadbalancing:us-west-1:694505486355:targetgroup/JenkinsTG/876267aaa8b7fcf4",
            "ip_address_type": "ipv4",
            "lambda_multi_value_headers_enabled": false,
            "load_balancer_arns": [
              "arn:aws:elasticloadbalancing:us-west-1:694505486355:loadbalancer/app/test-lb-tf/7787c07502043746"
            ],
            "load_balancing_algorithm_type": "round_robin",
            "load_balancing_anomaly_mitigation": "off",
            "load_balancing_cross_zone_enabled": "use_load_balancer_configuration",
            "name": "JenkinsTG",
            "name_prefix": "",
            "port": 8080,
            "preserve_client_ip": null,
            "protocol": "HTTP",
            "protocol_version": "HTTP1",
            "proxy_protocol_v2": false,
            "slow_start": 0,
            "stickiness": [
              {
                "cookie_duration": 86400,
                "cookie_name": "",
                "enabled": false,
                "type": "lb_cookie"
              }
            ],
            "tags": {},
            "tags_all": {},
            "target_failover": [
              {
                "on_deregistration": null,
                "on_unhealthy": null
              }
            ],
            "target_health_state": [
              {
                "enable_unhealthy_connection_termination": null
              }
            ],
            "target_type": "instance",
            "vpc_id": "vpc-0907a192ab3bb7153"
          },
          "sensitive_attributes": [],
          "private": "bnVsbA==",
          "dependencies": [
            "module.networking.aws_vpc.X_VPC"
          ]
        },
        {
          "index_key": 1,
          "schema_version": 0,
          "attributes": {
            "arn": "arn:aws:elasticloadbalancing:us-west-1:694505486355:targetgroup/FlaskTG/a6647908bff583c5",
            "arn_suffix": "targetgroup/FlaskTG/a6647908bff583c5",
            "connection_termination": null,
            "deregistration_delay": "300",
            "health_check": [
              {
                "enabled": true,
                "healthy_threshold": 6,
                "interval": 5,
                "matcher": "200",
                "path": "/",
                "port": "5000",
                "protocol": "HTTP",
                "timeout": 2,
                "unhealthy_threshold": 2
              }
            ],
            "id": "arn:aws:elasticloadbalancing:us-west-1:694505486355:targetgroup/FlaskTG/a6647908bff583c5",
            "ip_address_type": "ipv4",
            "lambda_multi_value_headers_enabled": false,
            "load_balancer_arns": [
              "arn:aws:elasticloadbalancing:us-west-1:694505486355:loadbalancer/app/test-lb-tf/7787c07502043746"
            ],
            "load_balancing_algorithm_type": "round_robin",
            "load_balancing_anomaly_mitigation": "off",
            "load_balancing_cross_zone_enabled": "use_load_balancer_configuration",
            "name": "FlaskTG",
            "name_prefix": "",
            "port": 5000,
            "preserve_client_ip": null,
            "protocol": "HTTP",
            "protocol_version": "HTTP1",
            "proxy_protocol_v2": false,
            "slow_start": 0,
            "stickiness": [
              {
                "cookie_duration": 86400,
                "cookie_name": "",
                "enabled": false,
                "type": "lb_cookie"
              }
            ],
            "tags": {},
            "tags_all": {},
            "target_failover": [
              {
                "on_deregistration": null,
                "on_unhealthy": null
              }
            ],
            "target_health_state": [
              {
                "enable_unhealthy_connection_termination": null
              }
            ],
            "target_type": "instance",
            "vpc_id": "vpc-0907a192ab3bb7153"
          },
          "sensitive_attributes": [],
          "private": "bnVsbA==",
          "dependencies": [
            "module.networking.aws_vpc.X_VPC"
          ]
        }
      ]
    },
    {
      "module": "module.flask_server",
      "mode": "managed",
      "type": "aws_instance",
      "name": "flask-server_tf",
      "provider": "provider[\"registry.terraform.io/hashicorp/aws\"]",
      "instances": [
        {
          "schema_version": 1,
          "attributes": {
            "ami": "ami-0a0409af1cb831414",
            "arn": "arn:aws:ec2:us-west-1:694505486355:instance/i-0690eab800c174a9a",
            "associate_public_ip_address": false,
            "availability_zone": "us-west-1a",
            "capacity_reservation_specification": [
              {
                "capacity_reservation_preference": "open",
                "capacity_reservation_target": []
              }
            ],
            "cpu_core_count": 1,
            "cpu_options": [
              {
                "amd_sev_snp": "",
                "core_count": 1,
                "threads_per_core": 2
              }
            ],
            "cpu_threads_per_core": 2,
            "credit_specification": [
              {
                "cpu_credits": "unlimited"
              }
            ],
            "disable_api_stop": false,
            "disable_api_termination": false,
            "ebs_block_device": [],
            "ebs_optimized": false,
            "enclave_options": [
              {
                "enabled": false
              }
            ],
            "ephemeral_block_device": [],
            "get_password_data": false,
            "hibernation": false,
            "host_id": "",
            "host_resource_group_arn": null,
            "iam_instance_profile": "",
            "id": "i-0690eab800c174a9a",
            "instance_initiated_shutdown_behavior": "stop",
            "instance_lifecycle": "",
            "instance_market_options": [],
            "instance_state": "running",
            "instance_type": "t3.medium",
            "ipv6_address_count": 0,
            "ipv6_addresses": [],
            "key_name": "linux-key-pair-x",
            "launch_template": [],
            "maintenance_options": [
              {
                "auto_recovery": "default"
              }
            ],
            "metadata_options": [
              {
                "http_endpoint": "enabled",
                "http_protocol_ipv6": "disabled",
                "http_put_response_hop_limit": 1,
                "http_tokens": "optional",
                "instance_metadata_tags": "disabled"
              }
            ],
            "monitoring": false,
            "network_interface": [],
            "outpost_arn": "",
            "password_data": "",
            "placement_group": "",
            "placement_partition_number": 0,
            "primary_network_interface_id": "eni-0188cb4498e327f92",
            "private_dns": "ip-10-0-5-28.us-west-1.compute.internal",
            "private_dns_name_options": [
              {
                "enable_resource_name_dns_a_record": false,
                "enable_resource_name_dns_aaaa_record": false,
                "hostname_type": "ip-name"
              }
            ],
            "private_ip": "10.0.5.28",
            "public_dns": "",
            "public_ip": "",
            "root_block_device": [
              {
                "delete_on_termination": true,
                "device_name": "/dev/sda1",
                "encrypted": false,
                "iops": 100,
                "kms_key_id": "",
                "tags": {},
                "tags_all": {},
                "throughput": 0,
                "volume_id": "vol-06be8a7b2b1af66b3",
                "volume_size": 8,
                "volume_type": "gp2"
              }
            ],
            "secondary_private_ips": [],
            "security_groups": [],
            "source_dest_check": true,
            "spot_instance_request_id": "",
            "subnet_id": "subnet-00bedad092e062384",
            "tags": {
              "Name": "Flask-server"
            },
            "tags_all": {
              "Name": "Flask-server"
            },
            "tenancy": "default",
            "timeouts": null,
            "user_data": "7585cdc83f1ea6b8bca4c305e362295aa6f2df6c",
            "user_data_base64": null,
            "user_data_replace_on_change": false,
            "volume_tags": null,
            "vpc_security_group_ids": [
              "sg-00480b7c5579f3b9d"
            ]
          },
          "sensitive_attributes": [],
          "private": "eyJlMmJmYjczMC1lY2FhLTExZTYtOGY4OC0zNDM2M2JjN2M0YzAiOnsiY3JlYXRlIjo2MDAwMDAwMDAwMDAsImRlbGV0ZSI6MTIwMDAwMDAwMDAwMCwicmVhZCI6OTAwMDAwMDAwMDAwLCJ1cGRhdGUiOjYwMDAwMDAwMDAwMH0sInNjaGVtYV92ZXJzaW9uIjoiMSJ9",
          "dependencies": [
            "module.Jenkins_server.aws_key_pair.key_pair",
            "module.Jenkins_server.tls_private_key.private_key",
            "module.flask_server_SG.aws_security_group.Flask_SG",
            "module.networking.aws_subnet.private_subnets",
            "module.networking.aws_vpc.X_VPC"
          ]
        }
      ]
    },
    {
      "module": "module.flask_server_SG",
      "mode": "managed",
      "type": "aws_security_group",
      "name": "Flask_SG",
      "provider": "provider[\"registry.terraform.io/hashicorp/aws\"]",
      "instances": [
        {
          "schema_version": 1,
          "attributes": {
            "arn": "arn:aws:ec2:us-west-1:694505486355:security-group/sg-00480b7c5579f3b9d",
            "description": "Managed by Terraform",
            "egress": [
              {
                "cidr_blocks": [
                  "0.0.0.0/0"
                ],
                "description": "",
                "from_port": 0,
                "ipv6_cidr_blocks": [],
                "prefix_list_ids": [],
                "protocol": "-1",
                "security_groups": [],
                "self": false,
                "to_port": 0
              }
            ],
            "id": "sg-00480b7c5579f3b9d",
            "ingress": [
              {
                "cidr_blocks": [
                  "0.0.0.0/0"
                ],
                "description": "",
                "from_port": 22,
                "ipv6_cidr_blocks": [],
                "prefix_list_ids": [],
                "protocol": "tcp",
                "security_groups": [],
                "self": false,
                "to_port": 22
              },
              {
                "cidr_blocks": [
                  "0.0.0.0/0"
                ],
                "description": "",
                "from_port": 4000,
                "ipv6_cidr_blocks": [],
                "prefix_list_ids": [],
                "protocol": "tcp",
                "security_groups": [],
                "self": false,
                "to_port": 4000
              },
              {
                "cidr_blocks": [
                  "0.0.0.0/0"
                ],
                "description": "",
                "from_port": 5000,
                "ipv6_cidr_blocks": [],
                "prefix_list_ids": [],
                "protocol": "tcp",
                "security_groups": [],
                "self": false,
                "to_port": 5000
              }
            ],
            "name": "allow_flask_port",
            "name_prefix": "",
            "owner_id": "694505486355",
            "revoke_rules_on_delete": false,
            "tags": {},
            "tags_all": {},
            "timeouts": null,
            "vpc_id": "vpc-0907a192ab3bb7153"
          },
          "sensitive_attributes": [],
          "private": "eyJlMmJmYjczMC1lY2FhLTExZTYtOGY4OC0zNDM2M2JjN2M0YzAiOnsiY3JlYXRlIjo2MDAwMDAwMDAwMDAsImRlbGV0ZSI6OTAwMDAwMDAwMDAwfSwic2NoZW1hX3ZlcnNpb24iOiIxIn0=",
          "dependencies": [
            "module.networking.aws_vpc.X_VPC"
          ]
        }
      ]
    },
    {
      "module": "module.networking",
      "mode": "managed",
      "type": "aws_eip",
      "name": "nat_ip",
      "provider": "provider[\"registry.terraform.io/hashicorp/aws\"]",
      "instances": [
        {
          "schema_version": 0,
          "attributes": {
            "address": null,
            "allocation_id": "eipalloc-0d264e3441aa8e166",
            "associate_with_private_ip": null,
            "association_id": "eipassoc-032e9af51f3243245",
            "carrier_ip": "",
            "customer_owned_ip": "",
            "customer_owned_ipv4_pool": "",
            "domain": "vpc",
            "id": "eipalloc-0d264e3441aa8e166",
            "instance": "",
            "network_border_group": "us-west-1",
            "network_interface": "eni-057b5f2edf3410b7c",
            "private_dns": "ip-10-0-4-160.us-west-1.compute.internal",
            "private_ip": "10.0.4.160",
            "public_dns": "ec2-13-52-112-158.us-west-1.compute.amazonaws.com",
            "public_ip": "13.52.112.158",
            "public_ipv4_pool": "amazon",
            "tags": {},
            "tags_all": {},
            "timeouts": null,
            "vpc": true
          },
          "sensitive_attributes": [],
          "private": "eyJlMmJmYjczMC1lY2FhLTExZTYtOGY4OC0zNDM2M2JjN2M0YzAiOnsiZGVsZXRlIjoxODAwMDAwMDAwMDAsInJlYWQiOjkwMDAwMDAwMDAwMCwidXBkYXRlIjozMDAwMDAwMDAwMDB9fQ=="
        }
      ]
    },
    {
      "module": "module.networking",
      "mode": "managed",
      "type": "aws_internet_gateway",
      "name": "gw",
      "provider": "provider[\"registry.terraform.io/hashicorp/aws\"]",
      "instances": [
        {
          "schema_version": 0,
          "attributes": {
            "arn": "arn:aws:ec2:us-west-1:694505486355:internet-gateway/igw-019850216e5e59689",
            "id": "igw-019850216e5e59689",
            "owner_id": "694505486355",
            "tags": {
              "Name": "Insta_VPC_IGW"
            },
            "tags_all": {
              "Name": "Insta_VPC_IGW"
            },
            "timeouts": null,
            "vpc_id": "vpc-0907a192ab3bb7153"
          },
          "sensitive_attributes": [],
          "private": "eyJlMmJmYjczMC1lY2FhLTExZTYtOGY4OC0zNDM2M2JjN2M0YzAiOnsiY3JlYXRlIjoxMjAwMDAwMDAwMDAwLCJkZWxldGUiOjEyMDAwMDAwMDAwMDAsInVwZGF0ZSI6MTIwMDAwMDAwMDAwMH19",
          "dependencies": [
            "module.networking.aws_vpc.X_VPC"
          ]
        }
      ]
    },
    {
      "module": "module.networking",
      "mode": "managed",
      "type": "aws_nat_gateway",
      "name": "nat_gateway",
      "provider": "provider[\"registry.terraform.io/hashicorp/aws\"]",
      "instances": [
        {
          "schema_version": 0,
          "attributes": {
            "allocation_id": "eipalloc-0d264e3441aa8e166",
            "association_id": "eipassoc-032e9af51f3243245",
            "connectivity_type": "public",
            "id": "nat-00b75280967fa0d82",
            "network_interface_id": "eni-057b5f2edf3410b7c",
            "private_ip": "10.0.4.160",
            "public_ip": "13.52.112.158",
            "secondary_allocation_ids": [],
            "secondary_private_ip_address_count": 0,
            "secondary_private_ip_addresses": [],
            "subnet_id": "subnet-018ca390f7803e6cb",
            "tags": {
              "Name": "NatGateway-X"
            },
            "tags_all": {
              "Name": "NatGateway-X"
            },
            "timeouts": null
          },
          "sensitive_attributes": [],
          "private": "eyJlMmJmYjczMC1lY2FhLTExZTYtOGY4OC0zNDM2M2JjN2M0YzAiOnsiY3JlYXRlIjo2MDAwMDAwMDAwMDAsImRlbGV0ZSI6MTgwMDAwMDAwMDAwMCwidXBkYXRlIjo2MDAwMDAwMDAwMDB9fQ==",
          "dependencies": [
            "module.networking.aws_eip.nat_ip",
            "module.networking.aws_internet_gateway.gw",
            "module.networking.aws_subnet.public_subnets",
            "module.networking.aws_vpc.X_VPC"
          ]
        }
      ]
    },
    {
      "module": "module.networking",
      "mode": "managed",
      "type": "aws_route_table",
      "name": "private_rt",
      "provider": "provider[\"registry.terraform.io/hashicorp/aws\"]",
      "instances": [
        {
          "schema_version": 0,
          "attributes": {
            "arn": "arn:aws:ec2:us-west-1:694505486355:route-table/rtb-015178e175c85f19e",
            "id": "rtb-015178e175c85f19e",
            "owner_id": "694505486355",
            "propagating_vgws": [],
            "route": [
              {
                "carrier_gateway_id": "",
                "cidr_block": "0.0.0.0/0",
                "core_network_arn": "",
                "destination_prefix_list_id": "",
                "egress_only_gateway_id": "",
                "gateway_id": "nat-00b75280967fa0d82",
                "ipv6_cidr_block": "",
                "local_gateway_id": "",
                "nat_gateway_id": "",
                "network_interface_id": "",
                "transit_gateway_id": "",
                "vpc_endpoint_id": "",
                "vpc_peering_connection_id": ""
              },
              {
                "carrier_gateway_id": null,
                "cidr_block": "10.0.0.0/16",
                "core_network_arn": null,
                "destination_prefix_list_id": null,
                "egress_only_gateway_id": null,
                "gateway_id": "local",
                "ipv6_cidr_block": null,
                "local_gateway_id": null,
                "nat_gateway_id": null,
                "network_interface_id": null,
                "transit_gateway_id": null,
                "vpc_endpoint_id": null,
                "vpc_peering_connection_id": null
              }
            ],
            "tags": {
              "Name": "Insta_VPC_private_rt"
            },
            "tags_all": {
              "Name": "Insta_VPC_private_rt"
            },
            "timeouts": null,
            "vpc_id": "vpc-0907a192ab3bb7153"
          },
          "sensitive_attributes": [],
          "private": "eyJlMmJmYjczMC1lY2FhLTExZTYtOGY4OC0zNDM2M2JjN2M0YzAiOnsiY3JlYXRlIjozMDAwMDAwMDAwMDAsImRlbGV0ZSI6MzAwMDAwMDAwMDAwLCJ1cGRhdGUiOjEyMDAwMDAwMDAwMH19",
          "dependencies": [
            "module.networking.aws_eip.nat_ip",
            "module.networking.aws_internet_gateway.gw",
            "module.networking.aws_nat_gateway.nat_gateway",
            "module.networking.aws_subnet.public_subnets",
            "module.networking.aws_vpc.X_VPC"
          ]
        }
      ]
    },
    {
      "module": "module.networking",
      "mode": "managed",
      "type": "aws_route_table",
      "name": "public_rt",
      "provider": "provider[\"registry.terraform.io/hashicorp/aws\"]",
      "instances": [
        {
          "schema_version": 0,
          "attributes": {
            "arn": "arn:aws:ec2:us-west-1:694505486355:route-table/rtb-07f4bc1ac8080a690",
            "id": "rtb-07f4bc1ac8080a690",
            "owner_id": "694505486355",
            "propagating_vgws": [],
            "route": [
              {
                "carrier_gateway_id": "",
                "cidr_block": "0.0.0.0/0",
                "core_network_arn": "",
                "destination_prefix_list_id": "",
                "egress_only_gateway_id": "",
                "gateway_id": "igw-019850216e5e59689",
                "ipv6_cidr_block": "",
                "local_gateway_id": "",
                "nat_gateway_id": "",
                "network_interface_id": "",
                "transit_gateway_id": "",
                "vpc_endpoint_id": "",
                "vpc_peering_connection_id": ""
              }
            ],
            "tags": {
              "Name": "Insta_VPC_publi_rt"
            },
            "tags_all": {
              "Name": "Insta_VPC_publi_rt"
            },
            "timeouts": null,
            "vpc_id": "vpc-0907a192ab3bb7153"
          },
          "sensitive_attributes": [],
          "private": "eyJlMmJmYjczMC1lY2FhLTExZTYtOGY4OC0zNDM2M2JjN2M0YzAiOnsiY3JlYXRlIjozMDAwMDAwMDAwMDAsImRlbGV0ZSI6MzAwMDAwMDAwMDAwLCJ1cGRhdGUiOjEyMDAwMDAwMDAwMH19",
          "dependencies": [
            "module.networking.aws_internet_gateway.gw",
            "module.networking.aws_vpc.X_VPC"
          ]
        }
      ]
    },
    {
      "module": "module.networking",
      "mode": "managed",
      "type": "aws_route_table_association",
      "name": "private-rt-association",
      "provider": "provider[\"registry.terraform.io/hashicorp/aws\"]",
      "instances": [
        {
          "index_key": 0,
          "schema_version": 0,
          "attributes": {
            "gateway_id": "",
            "id": "rtbassoc-095c68874914bb64e",
            "route_table_id": "rtb-015178e175c85f19e",
            "subnet_id": "subnet-00bedad092e062384",
            "timeouts": null
          },
          "sensitive_attributes": [],
          "private": "eyJlMmJmYjczMC1lY2FhLTExZTYtOGY4OC0zNDM2M2JjN2M0YzAiOnsiY3JlYXRlIjozMDAwMDAwMDAwMDAsImRlbGV0ZSI6MzAwMDAwMDAwMDAwLCJ1cGRhdGUiOjEyMDAwMDAwMDAwMH19",
          "dependencies": [
            "module.networking.aws_eip.nat_ip",
            "module.networking.aws_internet_gateway.gw",
            "module.networking.aws_nat_gateway.nat_gateway",
            "module.networking.aws_route_table.private_rt",
            "module.networking.aws_subnet.private_subnets",
            "module.networking.aws_subnet.public_subnets",
            "module.networking.aws_vpc.X_VPC"
          ]
        },
        {
          "index_key": 1,
          "schema_version": 0,
          "attributes": {
            "gateway_id": "",
            "id": "rtbassoc-0d07f3e4f1e942423",
            "route_table_id": "rtb-015178e175c85f19e",
            "subnet_id": "subnet-0de7e86a232fb0ecc",
            "timeouts": null
          },
          "sensitive_attributes": [],
          "private": "eyJlMmJmYjczMC1lY2FhLTExZTYtOGY4OC0zNDM2M2JjN2M0YzAiOnsiY3JlYXRlIjozMDAwMDAwMDAwMDAsImRlbGV0ZSI6MzAwMDAwMDAwMDAwLCJ1cGRhdGUiOjEyMDAwMDAwMDAwMH19",
          "dependencies": [
            "module.networking.aws_eip.nat_ip",
            "module.networking.aws_internet_gateway.gw",
            "module.networking.aws_nat_gateway.nat_gateway",
            "module.networking.aws_route_table.private_rt",
            "module.networking.aws_subnet.private_subnets",
            "module.networking.aws_subnet.public_subnets",
            "module.networking.aws_vpc.X_VPC"
          ]
        }
      ]
    },
    {
      "module": "module.networking",
      "mode": "managed",
      "type": "aws_route_table_association",
      "name": "public-rt-association",
      "provider": "provider[\"registry.terraform.io/hashicorp/aws\"]",
      "instances": [
        {
          "index_key": 0,
          "schema_version": 0,
          "attributes": {
            "gateway_id": "",
            "id": "rtbassoc-0002e615fd1fba8f0",
            "route_table_id": "rtb-07f4bc1ac8080a690",
            "subnet_id": "subnet-01ba381c00ef7d627",
            "timeouts": null
          },
          "sensitive_attributes": [],
          "private": "eyJlMmJmYjczMC1lY2FhLTExZTYtOGY4OC0zNDM2M2JjN2M0YzAiOnsiY3JlYXRlIjozMDAwMDAwMDAwMDAsImRlbGV0ZSI6MzAwMDAwMDAwMDAwLCJ1cGRhdGUiOjEyMDAwMDAwMDAwMH19",
          "dependencies": [
            "module.networking.aws_internet_gateway.gw",
            "module.networking.aws_route_table.public_rt",
            "module.networking.aws_subnet.public_subnets",
            "module.networking.aws_vpc.X_VPC"
          ]
        },
        {
          "index_key": 1,
          "schema_version": 0,
          "attributes": {
            "gateway_id": "",
            "id": "rtbassoc-0885e4a9f753da484",
            "route_table_id": "rtb-07f4bc1ac8080a690",
            "subnet_id": "subnet-018ca390f7803e6cb",
            "timeouts": null
          },
          "sensitive_attributes": [],
          "private": "eyJlMmJmYjczMC1lY2FhLTExZTYtOGY4OC0zNDM2M2JjN2M0YzAiOnsiY3JlYXRlIjozMDAwMDAwMDAwMDAsImRlbGV0ZSI6MzAwMDAwMDAwMDAwLCJ1cGRhdGUiOjEyMDAwMDAwMDAwMH19",
          "dependencies": [
            "module.networking.aws_internet_gateway.gw",
            "module.networking.aws_route_table.public_rt",
            "module.networking.aws_subnet.public_subnets",
            "module.networking.aws_vpc.X_VPC"
          ]
        }
      ]
    },
    {
      "module": "module.networking",
      "mode": "managed",
      "type": "aws_subnet",
      "name": "private_subnets",
      "provider": "provider[\"registry.terraform.io/hashicorp/aws\"]",
      "instances": [
        {
          "index_key": 0,
          "schema_version": 1,
          "attributes": {
            "arn": "arn:aws:ec2:us-west-1:694505486355:subnet/subnet-00bedad092e062384",
            "assign_ipv6_address_on_creation": false,
            "availability_zone": "us-west-1a",
            "availability_zone_id": "usw1-az3",
            "cidr_block": "10.0.5.0/24",
            "customer_owned_ipv4_pool": "",
            "enable_dns64": false,
            "enable_lni_at_device_index": 0,
            "enable_resource_name_dns_a_record_on_launch": false,
            "enable_resource_name_dns_aaaa_record_on_launch": false,
            "id": "subnet-00bedad092e062384",
            "ipv6_cidr_block": "",
            "ipv6_cidr_block_association_id": "",
            "ipv6_native": false,
            "map_customer_owned_ip_on_launch": false,
            "map_public_ip_on_launch": false,
            "outpost_arn": "",
            "owner_id": "694505486355",
            "private_dns_hostname_type_on_launch": "ip-name",
            "tags": {
              "Name": "Insta_VPC_Private_A"
            },
            "tags_all": {
              "Name": "Insta_VPC_Private_A"
            },
            "timeouts": null,
            "vpc_id": "vpc-0907a192ab3bb7153"
          },
          "sensitive_attributes": [],
          "private": "eyJlMmJmYjczMC1lY2FhLTExZTYtOGY4OC0zNDM2M2JjN2M0YzAiOnsiY3JlYXRlIjo2MDAwMDAwMDAwMDAsImRlbGV0ZSI6MTIwMDAwMDAwMDAwMH0sInNjaGVtYV92ZXJzaW9uIjoiMSJ9",
          "dependencies": [
            "module.networking.aws_vpc.X_VPC"
          ]
        },
        {
          "index_key": 1,
          "schema_version": 1,
          "attributes": {
            "arn": "arn:aws:ec2:us-west-1:694505486355:subnet/subnet-0de7e86a232fb0ecc",
            "assign_ipv6_address_on_creation": false,
            "availability_zone": "us-west-1b",
            "availability_zone_id": "usw1-az1",
            "cidr_block": "10.0.6.0/24",
            "customer_owned_ipv4_pool": "",
            "enable_dns64": false,
            "enable_lni_at_device_index": 0,
            "enable_resource_name_dns_a_record_on_launch": false,
            "enable_resource_name_dns_aaaa_record_on_launch": false,
            "id": "subnet-0de7e86a232fb0ecc",
            "ipv6_cidr_block": "",
            "ipv6_cidr_block_association_id": "",
            "ipv6_native": false,
            "map_customer_owned_ip_on_launch": false,
            "map_public_ip_on_launch": false,
            "outpost_arn": "",
            "owner_id": "694505486355",
            "private_dns_hostname_type_on_launch": "ip-name",
            "tags": {
              "Name": "Insta_VPC_private_B"
            },
            "tags_all": {
              "Name": "Insta_VPC_private_B"
            },
            "timeouts": null,
            "vpc_id": "vpc-0907a192ab3bb7153"
          },
          "sensitive_attributes": [],
          "private": "eyJlMmJmYjczMC1lY2FhLTExZTYtOGY4OC0zNDM2M2JjN2M0YzAiOnsiY3JlYXRlIjo2MDAwMDAwMDAwMDAsImRlbGV0ZSI6MTIwMDAwMDAwMDAwMH0sInNjaGVtYV92ZXJzaW9uIjoiMSJ9",
          "dependencies": [
            "module.networking.aws_vpc.X_VPC"
          ]
        }
      ]
    },
    {
      "module": "module.networking",
      "mode": "managed",
      "type": "aws_subnet",
      "name": "public_subnets",
      "provider": "provider[\"registry.terraform.io/hashicorp/aws\"]",
      "instances": [
        {
          "index_key": 0,
          "schema_version": 1,
          "attributes": {
            "arn": "arn:aws:ec2:us-west-1:694505486355:subnet/subnet-01ba381c00ef7d627",
            "assign_ipv6_address_on_creation": false,
            "availability_zone": "us-west-1a",
            "availability_zone_id": "usw1-az3",
            "cidr_block": "10.0.3.0/24",
            "customer_owned_ipv4_pool": "",
            "enable_dns64": false,
            "enable_lni_at_device_index": 0,
            "enable_resource_name_dns_a_record_on_launch": false,
            "enable_resource_name_dns_aaaa_record_on_launch": false,
            "id": "subnet-01ba381c00ef7d627",
            "ipv6_cidr_block": "",
            "ipv6_cidr_block_association_id": "",
            "ipv6_native": false,
            "map_customer_owned_ip_on_launch": false,
            "map_public_ip_on_launch": false,
            "outpost_arn": "",
            "owner_id": "694505486355",
            "private_dns_hostname_type_on_launch": "ip-name",
            "tags": {
              "Name": "Insta_VPC_Public_A"
            },
            "tags_all": {
              "Name": "Insta_VPC_Public_A"
            },
            "timeouts": null,
            "vpc_id": "vpc-0907a192ab3bb7153"
          },
          "sensitive_attributes": [],
          "private": "eyJlMmJmYjczMC1lY2FhLTExZTYtOGY4OC0zNDM2M2JjN2M0YzAiOnsiY3JlYXRlIjo2MDAwMDAwMDAwMDAsImRlbGV0ZSI6MTIwMDAwMDAwMDAwMH0sInNjaGVtYV92ZXJzaW9uIjoiMSJ9",
          "dependencies": [
            "module.networking.aws_vpc.X_VPC"
          ]
        },
        {
          "index_key": 1,
          "schema_version": 1,
          "attributes": {
            "arn": "arn:aws:ec2:us-west-1:694505486355:subnet/subnet-018ca390f7803e6cb",
            "assign_ipv6_address_on_creation": false,
            "availability_zone": "us-west-1b",
            "availability_zone_id": "usw1-az1",
            "cidr_block": "10.0.4.0/24",
            "customer_owned_ipv4_pool": "",
            "enable_dns64": false,
            "enable_lni_at_device_index": 0,
            "enable_resource_name_dns_a_record_on_launch": false,
            "enable_resource_name_dns_aaaa_record_on_launch": false,
            "id": "subnet-018ca390f7803e6cb",
            "ipv6_cidr_block": "",
            "ipv6_cidr_block_association_id": "",
            "ipv6_native": false,
            "map_customer_owned_ip_on_launch": false,
            "map_public_ip_on_launch": false,
            "outpost_arn": "",
            "owner_id": "694505486355",
            "private_dns_hostname_type_on_launch": "ip-name",
            "tags": {
              "Name": "Insta_VPC_Public_B"
            },
            "tags_all": {
              "Name": "Insta_VPC_Public_B"
            },
            "timeouts": null,
            "vpc_id": "vpc-0907a192ab3bb7153"
          },
          "sensitive_attributes": [],
          "private": "eyJlMmJmYjczMC1lY2FhLTExZTYtOGY4OC0zNDM2M2JjN2M0YzAiOnsiY3JlYXRlIjo2MDAwMDAwMDAwMDAsImRlbGV0ZSI6MTIwMDAwMDAwMDAwMH0sInNjaGVtYV92ZXJzaW9uIjoiMSJ9",
          "dependencies": [
            "module.networking.aws_vpc.X_VPC"
          ]
        }
      ]
    },
    {
      "module": "module.networking",
      "mode": "managed",
      "type": "aws_vpc",
      "name": "X_VPC",
      "provider": "provider[\"registry.terraform.io/hashicorp/aws\"]",
      "instances": [
        {
          "schema_version": 1,
          "attributes": {
            "arn": "arn:aws:ec2:us-west-1:694505486355:vpc/vpc-0907a192ab3bb7153",
            "assign_generated_ipv6_cidr_block": false,
            "cidr_block": "10.0.0.0/16",
            "default_network_acl_id": "acl-051769a25b505672e",
            "default_route_table_id": "rtb-025fc8f4abe8b09e5",
            "default_security_group_id": "sg-01d255cf3542ba710",
            "dhcp_options_id": "dopt-53f53335",
            "enable_dns_hostnames": true,
            "enable_dns_support": true,
            "enable_network_address_usage_metrics": false,
            "id": "vpc-0907a192ab3bb7153",
            "instance_tenancy": "default",
            "ipv4_ipam_pool_id": null,
            "ipv4_netmask_length": null,
            "ipv6_association_id": "",
            "ipv6_cidr_block": "",
            "ipv6_cidr_block_network_border_group": "",
            "ipv6_ipam_pool_id": "",
            "ipv6_netmask_length": 0,
            "main_route_table_id": "rtb-025fc8f4abe8b09e5",
            "owner_id": "694505486355",
            "tags": {
              "Name": "Insta_VPC"
            },
            "tags_all": {
              "Name": "Insta_VPC"
            }
          },
          "sensitive_attributes": [],
          "private": "eyJzY2hlbWFfdmVyc2lvbiI6IjEifQ=="
        }
      ]
    },
    {
      "module": "module.securitygroup",
      "mode": "managed",
      "type": "aws_security_group",
      "name": "LB_SG",
      "provider": "provider[\"registry.terraform.io/hashicorp/aws\"]",
      "instances": [
        {
          "schema_version": 1,
          "attributes": {
            "arn": "arn:aws:ec2:us-west-1:694505486355:security-group/sg-0e6879bab27714c5a",
            "description": "Managed by Terraform",
            "egress": [
              {
                "cidr_blocks": [
                  "0.0.0.0/0"
                ],
                "description": "",
                "from_port": 0,
                "ipv6_cidr_blocks": [],
                "prefix_list_ids": [],
                "protocol": "-1",
                "security_groups": [],
                "self": false,
                "to_port": 0
              }
            ],
            "id": "sg-0e6879bab27714c5a",
            "ingress": [
              {
                "cidr_blocks": [
                  "0.0.0.0/0"
                ],
                "description": "",
                "from_port": 4000,
                "ipv6_cidr_blocks": [],
                "prefix_list_ids": [],
                "protocol": "tcp",
                "security_groups": [],
                "self": false,
                "to_port": 4000
              },
              {
                "cidr_blocks": [
                  "0.0.0.0/0"
                ],
                "description": null,
                "from_port": 443,
                "ipv6_cidr_blocks": [],
                "prefix_list_ids": [],
                "protocol": "tcp",
                "security_groups": [],
                "self": false,
                "to_port": 443
              },
              {
                "cidr_blocks": [
                  "0.0.0.0/0"
                ],
                "description": null,
                "from_port": 80,
                "ipv6_cidr_blocks": [],
                "prefix_list_ids": [],
                "protocol": "tcp",
                "security_groups": [],
                "self": false,
                "to_port": 80
              }
            ],
            "name": "allow web ports",
            "name_prefix": "",
            "owner_id": "694505486355",
            "revoke_rules_on_delete": false,
            "tags": {},
            "tags_all": {},
            "timeouts": null,
            "vpc_id": "vpc-0907a192ab3bb7153"
          },
          "sensitive_attributes": [],
          "private": "eyJlMmJmYjczMC1lY2FhLTExZTYtOGY4OC0zNDM2M2JjN2M0YzAiOnsiY3JlYXRlIjo2MDAwMDAwMDAwMDAsImRlbGV0ZSI6OTAwMDAwMDAwMDAwfSwic2NoZW1hX3ZlcnNpb24iOiIxIn0=",
          "dependencies": [
            "module.networking.aws_vpc.X_VPC"
          ]
        }
      ]
    },
    {
      "module": "module.securitygroup",
      "mode": "managed",
      "type": "aws_security_group",
      "name": "SG",
      "provider": "provider[\"registry.terraform.io/hashicorp/aws\"]",
      "instances": [
        {
          "schema_version": 1,
          "attributes": {
            "arn": "arn:aws:ec2:us-west-1:694505486355:security-group/sg-03805ea4f58b4fed1",
            "description": "Managed by Terraform",
            "egress": [
              {
                "cidr_blocks": [
                  "0.0.0.0/0"
                ],
                "description": "",
                "from_port": 0,
                "ipv6_cidr_blocks": [],
                "prefix_list_ids": [],
                "protocol": "-1",
                "security_groups": [],
                "self": false,
                "to_port": 0
              }
            ],
            "id": "sg-03805ea4f58b4fed1",
            "ingress": [
              {
                "cidr_blocks": [
                  "0.0.0.0/0"
                ],
                "description": "",
                "from_port": 22,
                "ipv6_cidr_blocks": [],
                "prefix_list_ids": [],
                "protocol": "tcp",
                "security_groups": [],
                "self": false,
                "to_port": 22
              },
              {
                "cidr_blocks": [
                  "0.0.0.0/0"
                ],
                "description": "",
                "from_port": 443,
                "ipv6_cidr_blocks": [],
                "prefix_list_ids": [],
                "protocol": "tcp",
                "security_groups": [],
                "self": false,
                "to_port": 443
              },
              {
                "cidr_blocks": [
                  "0.0.0.0/0"
                ],
                "description": "",
                "from_port": 8080,
                "ipv6_cidr_blocks": [],
                "prefix_list_ids": [],
                "protocol": "tcp",
                "security_groups": [],
                "self": false,
                "to_port": 8080
              },
              {
                "cidr_blocks": [
                  "0.0.0.0/0"
                ],
                "description": "",
                "from_port": 80,
                "ipv6_cidr_blocks": [],
                "prefix_list_ids": [],
                "protocol": "tcp",
                "security_groups": [],
                "self": false,
                "to_port": 80
              }
            ],
            "name": "SG_allow_SSH_Http_https_jenkins",
            "name_prefix": "",
            "owner_id": "694505486355",
            "revoke_rules_on_delete": false,
            "tags": {},
            "tags_all": {},
            "timeouts": null,
            "vpc_id": "vpc-0907a192ab3bb7153"
          },
          "sensitive_attributes": [],
          "private": "eyJlMmJmYjczMC1lY2FhLTExZTYtOGY4OC0zNDM2M2JjN2M0YzAiOnsiY3JlYXRlIjo2MDAwMDAwMDAwMDAsImRlbGV0ZSI6OTAwMDAwMDAwMDAwfSwic2NoZW1hX3ZlcnNpb24iOiIxIn0=",
          "dependencies": [
            "module.networking.aws_vpc.X_VPC"
          ]
        }
      ]
    }
  ],
  "check_results": null
}
